
Microsoft Visual Studio Solution File, Format Version 12.00
# Visual Studio Version 17
VisualStudioVersion = 17.8.34316.72
MinimumVisualStudioVersion = 10.0.40219.1
Project("{FAE04EC0-301F-11D3-BF4B-00C04F79EFBC}") = "Count Prime", "Count Prime\Count Prime.csproj", "{BBFD9321-5D1B-43BC-8352-BEB598E8B67C}"
EndProject
Global
	GlobalSection(SolutionConfigurationPlatforms) = preSolution
		Debug|Any CPU = Debug|Any CPU
		Release|Any CPU = Release|Any CPU
	EndGlobalSection
	GlobalSection(ProjectConfigurationPlatforms) = postSolution
		{BBFD9321-5D1B-43BC-8352-BEB598E8B67C}.Debug|Any CPU.ActiveCfg = Debug|Any CPU
		{BBFD9321-5D1B-43BC-8352-BEB598E8B67C}.Debug|Any CPU.Build.0 = Debug|Any CPU
		{BBFD9321-5D1B-43BC-8352-BEB598E8B67C}.Release|Any CPU.ActiveCfg = Release|Any CPU
		{BBFD9321-5D1B-43BC-8352-BEB598E8B67C}.Release|Any CPU.Build.0 = Release|Any CPU
	EndGlobalSection
	GlobalSection(SolutionProperties) = preSolution
		HideSolutionNode = FALSE
	EndGlobalSection
	GlobalSection(ExtensibilityGlobals) = postSolution
		SolutionGuid = {A5D631B5-84C1-4DF0-87B8-17B25985EE4B}
	EndGlobalSection
EndGlobal
